
Microsoft Visual Studio Solution File, Format Version 12.00
# Visual Studio Version 17
VisualStudioVersion = 17.5.002.0
MinimumVisualStudioVersion = 10.0.40219.1
Project("{9A19103F-16F7-4668-BE54-9A1E7A4F7556}") = "app-dotnet", "app-dotnet.csproj", "{B29834F1-AC12-4939-9068-50D10930639B}"
EndProject
Global
	GlobalSection(SolutionConfigurationPlatforms) = preSolution
		Debug|Any CPU = Debug|Any CPU
		Release|Any CPU = Release|Any CPU
	EndGlobalSection
	GlobalSection(ProjectConfigurationPlatforms) = postSolution
		{B29834F1-AC12-4939-9068-50D10930639B}.Debug|Any CPU.ActiveCfg = Debug|Any CPU
		{B29834F1-AC12-4939-9068-50D10930639B}.Debug|Any CPU.Build.0 = Debug|Any CPU
		{B29834F1-AC12-4939-9068-50D10930639B}.Release|Any CPU.ActiveCfg = Release|Any CPU
		{B29834F1-AC12-4939-9068-50D10930639B}.Release|Any CPU.Build.0 = Release|Any CPU
	EndGlobalSection
	GlobalSection(SolutionProperties) = preSolution
		HideSolutionNode = FALSE
	EndGlobalSection
	GlobalSection(ExtensibilityGlobals) = postSolution
		SolutionGuid = {A09500EA-C526-4AA3-98A2-9C04AFDDB566}
	EndGlobalSection
EndGlobal
